
Microsoft Visual Studio Solution File, Format Version 12.00
# Visual Studio Version 16
VisualStudioVersion = 16.0.32413.511
MinimumVisualStudioVersion = 10.0.40219.1
Project("{FAE04EC0-301F-11D3-BF4B-00C04F79EFBC}") = "App2.UWP", "App2\App2.UWP\App2.UWP.csproj", "{13398E42-407B-461B-A765-16E8554F9EAB}"
EndProject
Project("{FAE04EC0-301F-11D3-BF4B-00C04F79EFBC}") = "App2.Android", "App2\App2.Android\App2.Android.csproj", "{995DC2CC-6140-4EEB-8CA6-F9CB24FD92A6}"
EndProject
Project("{FAE04EC0-301F-11D3-BF4B-00C04F79EFBC}") = "App2.iOS", "App2\App2.iOS\App2.iOS.csproj", "{CC701965-DF3A-4505-B6DC-07D6F5232E71}"
EndProject
Project("{FAE04EC0-301F-11D3-BF4B-00C04F79EFBC}") = "App2", "App2\App2\App2.csproj", "{EB56B2CF-319E-43F6-B08C-5858386CB94F}"
EndProject
Global
	GlobalSection(SolutionConfigurationPlatforms) = preSolution
		Debug|Any CPU = Debug|Any CPU
		Debug|ARM = Debug|ARM
		Debug|iPhone = Debug|iPhone
		Debug|iPhoneSimulator = Debug|iPhoneSimulator
		Debug|x64 = Debug|x64
		Debug|x86 = Debug|x86
		Release|Any CPU = Release|Any CPU
		Release|ARM = Release|ARM
		Release|iPhone = Release|iPhone
		Release|iPhoneSimulator = Release|iPhoneSimulator
		Release|x64 = Release|x64
		Release|x86 = Release|x86
	EndGlobalSection
	GlobalSection(ProjectConfigurationPlatforms) = postSolution
		{13398E42-407B-461B-A765-16E8554F9EAB}.Debug|Any CPU.ActiveCfg = Debug|x86
		{13398E42-407B-461B-A765-16E8554F9EAB}.Debug|Any CPU.Build.0 = Debug|x86
		{13398E42-407B-461B-A765-16E8554F9EAB}.Debug|Any CPU.Deploy.0 = Debug|x86
		{13398E42-407B-461B-A765-16E8554F9EAB}.Debug|ARM.ActiveCfg = Debug|ARM
		{13398E42-407B-461B-A765-16E8554F9EAB}.Debug|ARM.Build.0 = Debug|ARM
		{13398E42-407B-461B-A765-16E8554F9EAB}.Debug|ARM.Deploy.0 = Debug|ARM
		{13398E42-407B-461B-A765-16E8554F9EAB}.Debug|iPhone.ActiveCfg = Debug|x86
		{13398E42-407B-461B-A765-16E8554F9EAB}.Debug|iPhone.Build.0 = Debug|x86
		{13398E42-407B-461B-A765-16E8554F9EAB}.Debug|iPhone.Deploy.0 = Debug|x86
		{13398E42-407B-461B-A765-16E8554F9EAB}.Debug|iPhoneSimulator.ActiveCfg = Debug|x86
		{13398E42-407B-461B-A765-16E8554F9EAB}.Debug|iPhoneSimulator.Build.0 = Debug|x86
		{13398E42-407B-461B-A765-16E8554F9EAB}.Debug|iPhoneSimulator.Deploy.0 = Debug|x86
		{13398E42-407B-461B-A765-16E8554F9EAB}.Debug|x64.ActiveCfg = Debug|x64
		{13398E42-407B-461B-A765-16E8554F9EAB}.Debug|x64.Build.0 = Debug|x64
		{13398E42-407B-461B-A765-16E8554F9EAB}.Debug|x64.Deploy.0 = Debug|x64
		{13398E42-407B-461B-A765-16E8554F9EAB}.Debug|x86.ActiveCfg = Debug|x86
		{13398E42-407B-461B-A765-16E8554F9EAB}.Debug|x86.Build.0 = Debug|x86
		{13398E42-407B-461B-A765-16E8554F9EAB}.Debug|x86.Deploy.0 = Debug|x86
		{13398E42-407B-461B-A765-16E8554F9EAB}.Release|Any CPU.ActiveCfg = Release|x86
		{13398E42-407B-461B-A765-16E8554F9EAB}.Release|Any CPU.Build.0 = Release|x86
		{13398E42-407B-461B-A765-16E8554F9EAB}.Release|Any CPU.Deploy.0 = Release|x86
		{13398E42-407B-461B-A765-16E8554F9EAB}.Release|ARM.ActiveCfg = Release|ARM
		{13398E42-407B-461B-A765-16E8554F9EAB}.Release|ARM.Build.0 = Release|ARM
		{13398E42-407B-461B-A765-16E8554F9EAB}.Release|ARM.Deploy.0 = Release|ARM
		{13398E42-407B-461B-A765-16E8554F9EAB}.Release|iPhone.ActiveCfg = Release|x86
		{13398E42-407B-461B-A765-16E8554F9EAB}.Release|iPhone.Build.0 = Release|x86
		{13398E42-407B-461B-A765-16E8554F9EAB}.Release|iPhone.Deploy.0 = Release|x86
		{13398E42-407B-461B-A765-16E8554F9EAB}.Release|iPhoneSimulator.ActiveCfg = Release|x86
		{13398E42-407B-461B-A765-16E8554F9EAB}.Release|iPhoneSimulator.Build.0 = Release|x86
		{13398E42-407B-461B-A765-16E8554F9EAB}.Release|iPhoneSimulator.Deploy.0 = Release|x86
		{13398E42-407B-461B-A765-16E8554F9EAB}.Release|x64.ActiveCfg = Release|x64
		{13398E42-407B-461B-A765-16E8554F9EAB}.Release|x64.Build.0 = Release|x64
		{13398E42-407B-461B-A765-16E8554F9EAB}.Release|x64.Deploy.0 = Release|x64
		{13398E42-407B-461B-A765-16E8554F9EAB}.Release|x86.ActiveCfg = Release|x86
		{13398E42-407B-461B-A765-16E8554F9EAB}.Release|x86.Build.0 = Release|x86
		{13398E42-407B-461B-A765-16E8554F9EAB}.Release|x86.Deploy.0 = Release|x86
		{995DC2CC-6140-4EEB-8CA6-F9CB24FD92A6}.Debug|Any CPU.ActiveCfg = Debug|Any CPU
		{995DC2CC-6140-4EEB-8CA6-F9CB24FD92A6}.Debug|Any CPU.Build.0 = Debug|Any CPU
		{995DC2CC-6140-4EEB-8CA6-F9CB24FD92A6}.Debug|Any CPU.Deploy.0 = Debug|Any CPU
		{995DC2CC-6140-4EEB-8CA6-F9CB24FD92A6}.Debug|ARM.ActiveCfg = Debug|Any CPU
		{995DC2CC-6140-4EEB-8CA6-F9CB24FD92A6}.Debug|ARM.Build.0 = Debug|Any CPU
		{995DC2CC-6140-4EEB-8CA6-F9CB24FD92A6}.Debug|ARM.Deploy.0 = Debug|Any CPU
		{995DC2CC-6140-4EEB-8CA6-F9CB24FD92A6}.Debug|iPhone.ActiveCfg = Debug|Any CPU
		{995DC2CC-6140-4EEB-8CA6-F9CB24FD92A6}.Debug|iPhone.Build.0 = Debug|Any CPU
		{995DC2CC-6140-4EEB-8CA6-F9CB24FD92A6}.Debug|iPhone.Deploy.0 = Debug|Any CPU
		{995DC2CC-6140-4EEB-8CA6-F9CB24FD92A6}.Debug|iPhoneSimulator.ActiveCfg = Debug|Any CPU
		{995DC2CC-6140-4EEB-8CA6-F9CB24FD92A6}.Debug|iPhoneSimulator.Build.0 = Debug|Any CPU
		{995DC2CC-6140-4EEB-8CA6-F9CB24FD92A6}.Debug|iPhoneSimulator.Deploy.0 = Debug|Any CPU
		{995DC2CC-6140-4EEB-8CA6-F9CB24FD92A6}.Debug|x64.ActiveCfg = Debug|Any CPU
		{995DC2CC-6140-4EEB-8CA6-F9CB24FD92A6}.Debug|x64.Build.0 = Debug|Any CPU
		{995DC2CC-6140-4EEB-8CA6-F9CB24FD92A6}.Debug|x64.Deploy.0 = Debug|Any CPU
		{995DC2CC-6140-4EEB-8CA6-F9CB24FD92A6}.Debug|x86.ActiveCfg = Debug|Any CPU
		{995DC2CC-6140-4EEB-8CA6-F9CB24FD92A6}.Debug|x86.Build.0 = Debug|Any CPU
		{995DC2CC-6140-4EEB-8CA6-F9CB24FD92A6}.Debug|x86.Deploy.0 = Debug|Any CPU
		{995DC2CC-6140-4EEB-8CA6-F9CB24FD92A6}.Release|Any CPU.ActiveCfg = Release|Any CPU
		{995DC2CC-6140-4EEB-8CA6-F9CB24FD92A6}.Release|Any CPU.Build.0 = Release|Any CPU
		{995DC2CC-6140-4EEB-8CA6-F9CB24FD92A6}.Release|Any CPU.Deploy.0 = Release|Any CPU
		{995DC2CC-6140-4EEB-8CA6-F9CB24FD92A6}.Release|ARM.ActiveCfg = Release|Any CPU
		{995DC2CC-6140-4EEB-8CA6-F9CB24FD92A6}.Release|ARM.Build.0 = Release|Any CPU
		{995DC2CC-6140-4EEB-8CA6-F9CB24FD92A6}.Release|ARM.Deploy.0 = Release|Any CPU
		{995DC2CC-6140-4EEB-8CA6-F9CB24FD92A6}.Release|iPhone.ActiveCfg = Release|Any CPU
		{995DC2CC-6140-4EEB-8CA6-F9CB24FD92A6}.Release|iPhone.Build.0 = Release|Any CPU
		{995DC2CC-6140-4EEB-8CA6-F9CB24FD92A6}.Release|iPhone.Deploy.0 = Release|Any CPU
		{995DC2CC-6140-4EEB-8CA6-F9CB24FD92A6}.Release|iPhoneSimulator.ActiveCfg = Release|Any CPU
		{995DC2CC-6140-4EEB-8CA6-F9CB24FD92A6}.Release|iPhoneSimulator.Build.0 = Release|Any CPU
		{995DC2CC-6140-4EEB-8CA6-F9CB24FD92A6}.Release|iPhoneSimulator.Deploy.0 = Release|Any CPU
		{995DC2CC-6140-4EEB-8CA6-F9CB24FD92A6}.Release|x64.ActiveCfg = Release|Any CPU
		{995DC2CC-6140-4EEB-8CA6-F9CB24FD92A6}.Release|x64.Build.0 = Release|Any CPU
		{995DC2CC-6140-4EEB-8CA6-F9CB24FD92A6}.Release|x64.Deploy.0 = Release|Any CPU
		{995DC2CC-6140-4EEB-8CA6-F9CB24FD92A6}.Release|x86.ActiveCfg = Release|Any CPU
		{995DC2CC-6140-4EEB-8CA6-F9CB24FD92A6}.Release|x86.Build.0 = Release|Any CPU
		{995DC2CC-6140-4EEB-8CA6-F9CB24FD92A6}.Release|x86.Deploy.0 = Release|Any CPU
		{CC701965-DF3A-4505-B6DC-07D6F5232E71}.Debug|Any CPU.ActiveCfg = Debug|iPhoneSimulator
		{CC701965-DF3A-4505-B6DC-07D6F5232E71}.Debug|Any CPU.Build.0 = Debug|iPhoneSimulator
		{CC701965-DF3A-4505-B6DC-07D6F5232E71}.Debug|Any CPU.Deploy.0 = Debug|iPhoneSimulator
		{CC701965-DF3A-4505-B6DC-07D6F5232E71}.Debug|ARM.ActiveCfg = Debug|iPhone
		{CC701965-DF3A-4505-B6DC-07D6F5232E71}.Debug|ARM.Build.0 = Debug|iPhone
		{CC701965-DF3A-4505-B6DC-07D6F5232E71}.Debug|ARM.Deploy.0 = Debug|iPhone
		{CC701965-DF3A-4505-B6DC-07D6F5232E71}.Debug|iPhone.ActiveCfg = Debug|iPhone
		{CC701965-DF3A-4505-B6DC-07D6F5232E71}.Debug|iPhone.Build.0 = Debug|iPhone
		{CC701965-DF3A-4505-B6DC-07D6F5232E71}.Debug|iPhone.Deploy.0 = Debug|iPhone
		{CC701965-DF3A-4505-B6DC-07D6F5232E71}.Debug|iPhoneSimulator.ActiveCfg = Debug|iPhoneSimulator
		{CC701965-DF3A-4505-B6DC-07D6F5232E71}.Debug|iPhoneSimulator.Build.0 = Debug|iPhoneSimulator
		{CC701965-DF3A-4505-B6DC-07D6F5232E71}.Debug|iPhoneSimulator.Deploy.0 = Debug|iPhoneSimulator
		{CC701965-DF3A-4505-B6DC-07D6F5232E71}.Debug|x64.ActiveCfg = Debug|iPhoneSimulator
		{CC701965-DF3A-4505-B6DC-07D6F5232E71}.Debug|x64.Build.0 = Debug|iPhoneSimulator
		{CC701965-DF3A-4505-B6DC-07D6F5232E71}.Debug|x64.Deploy.0 = Debug|iPhoneSimulator
		{CC701965-DF3A-4505-B6DC-07D6F5232E71}.Debug|x86.ActiveCfg = Debug|iPhoneSimulator
		{CC701965-DF3A-4505-B6DC-07D6F5232E71}.Debug|x86.Build.0 = Debug|iPhoneSimulator
		{CC701965-DF3A-4505-B6DC-07D6F5232E71}.Debug|x86.Deploy.0 = Debug|iPhoneSimulator
		{CC701965-DF3A-4505-B6DC-07D6F5232E71}.Release|Any CPU.ActiveCfg = Release|iPhoneSimulator
		{CC701965-DF3A-4505-B6DC-07D6F5232E71}.Release|Any CPU.Build.0 = Release|iPhoneSimulator
		{CC701965-DF3A-4505-B6DC-07D6F5232E71}.Release|Any CPU.Deploy.0 = Release|iPhoneSimulator
		{CC701965-DF3A-4505-B6DC-07D6F5232E71}.Release|ARM.ActiveCfg = Release|iPhoneSimulator
		{CC701965-DF3A-4505-B6DC-07D6F5232E71}.Release|ARM.Build.0 = Release|iPhoneSimulator
		{CC701965-DF3A-4505-B6DC-07D6F5232E71}.Release|ARM.Deploy.0 = Release|iPhoneSimulator
		{CC701965-DF3A-4505-B6DC-07D6F5232E71}.Release|iPhone.ActiveCfg = Release|iPhone
		{CC701965-DF3A-4505-B6DC-07D6F5232E71}.Release|iPhone.Build.0 = Release|iPhone
		{CC701965-DF3A-4505-B6DC-07D6F5232E71}.Release|iPhone.Deploy.0 = Release|iPhone
		{CC701965-DF3A-4505-B6DC-07D6F5232E71}.Release|iPhoneSimulator.ActiveCfg = Release|iPhoneSimulator
		{CC701965-DF3A-4505-B6DC-07D6F5232E71}.Release|iPhoneSimulator.Build.0 = Release|iPhoneSimulator
		{CC701965-DF3A-4505-B6DC-07D6F5232E71}.Release|iPhoneSimulator.Deploy.0 = Release|iPhoneSimulator
		{CC701965-DF3A-4505-B6DC-07D6F5232E71}.Release|x64.ActiveCfg = Release|iPhoneSimulator
		{CC701965-DF3A-4505-B6DC-07D6F5232E71}.Release|x64.Build.0 = Release|iPhoneSimulator
		{CC701965-DF3A-4505-B6DC-07D6F5232E71}.Release|x64.Deploy.0 = Release|iPhoneSimulator
		{CC701965-DF3A-4505-B6DC-07D6F5232E71}.Release|x86.ActiveCfg = Release|iPhoneSimulator
		{CC701965-DF3A-4505-B6DC-07D6F5232E71}.Release|x86.Build.0 = Release|iPhoneSimulator
		{CC701965-DF3A-4505-B6DC-07D6F5232E71}.Release|x86.Deploy.0 = Release|iPhoneSimulator
		{EB56B2CF-319E-43F6-B08C-5858386CB94F}.Debug|Any CPU.ActiveCfg = Debug|Any CPU
		{EB56B2CF-319E-43F6-B08C-5858386CB94F}.Debug|Any CPU.Build.0 = Debug|Any CPU
		{EB56B2CF-319E-43F6-B08C-5858386CB94F}.Debug|Any CPU.Deploy.0 = Debug|Any CPU
		{EB56B2CF-319E-43F6-B08C-5858386CB94F}.Debug|ARM.ActiveCfg = Debug|Any CPU
		{EB56B2CF-319E-43F6-B08C-5858386CB94F}.Debug|ARM.Build.0 = Debug|Any CPU
		{EB56B2CF-319E-43F6-B08C-5858386CB94F}.Debug|ARM.Deploy.0 = Debug|Any CPU
		{EB56B2CF-319E-43F6-B08C-5858386CB94F}.Debug|iPhone.ActiveCfg = Debug|Any CPU
		{EB56B2CF-319E-43F6-B08C-5858386CB94F}.Debug|iPhone.Build.0 = Debug|Any CPU
		{EB56B2CF-319E-43F6-B08C-5858386CB94F}.Debug|iPhone.Deploy.0 = Debug|Any CPU
		{EB56B2CF-319E-43F6-B08C-5858386CB94F}.Debug|iPhoneSimulator.ActiveCfg = Debug|Any CPU
		{EB56B2CF-319E-43F6-B08C-5858386CB94F}.Debug|iPhoneSimulator.Build.0 = Debug|Any CPU
		{EB56B2CF-319E-43F6-B08C-5858386CB94F}.Debug|iPhoneSimulator.Deploy.0 = Debug|Any CPU
		{EB56B2CF-319E-43F6-B08C-5858386CB94F}.Debug|x64.ActiveCfg = Debug|Any CPU
		{EB56B2CF-319E-43F6-B08C-5858386CB94F}.Debug|x64.Build.0 = Debug|Any CPU
		{EB56B2CF-319E-43F6-B08C-5858386CB94F}.Debug|x64.Deploy.0 = Debug|Any CPU
		{EB56B2CF-319E-43F6-B08C-5858386CB94F}.Debug|x86.ActiveCfg = Debug|Any CPU
		{EB56B2CF-319E-43F6-B08C-5858386CB94F}.Debug|x86.Build.0 = Debug|Any CPU
		{EB56B2CF-319E-43F6-B08C-5858386CB94F}.Debug|x86.Deploy.0 = Debug|Any CPU
		{EB56B2CF-319E-43F6-B08C-5858386CB94F}.Release|Any CPU.ActiveCfg = Release|Any CPU
		{EB56B2CF-319E-43F6-B08C-5858386CB94F}.Release|Any CPU.Build.0 = Release|Any CPU
		{EB56B2CF-319E-43F6-B08C-5858386CB94F}.Release|Any CPU.Deploy.0 = Release|Any CPU
		{EB56B2CF-319E-43F6-B08C-5858386CB94F}.Release|ARM.ActiveCfg = Release|Any CPU
		{EB56B2CF-319E-43F6-B08C-5858386CB94F}.Release|ARM.Build.0 = Release|Any CPU
		{EB56B2CF-319E-43F6-B08C-5858386CB94F}.Release|ARM.Deploy.0 = Release|Any CPU
		{EB56B2CF-319E-43F6-B08C-5858386CB94F}.Release|iPhone.ActiveCfg = Release|Any CPU
		{EB56B2CF-319E-43F6-B08C-5858386CB94F}.Release|iPhone.Build.0 = Release|Any CPU
		{EB56B2CF-319E-43F6-B08C-5858386CB94F}.Release|iPhone.Deploy.0 = Release|Any CPU
		{EB56B2CF-319E-43F6-B08C-5858386CB94F}.Release|iPhoneSimulator.ActiveCfg = Release|Any CPU
		{EB56B2CF-319E-43F6-B08C-5858386CB94F}.Release|iPhoneSimulator.Build.0 = Release|Any CPU
		{EB56B2CF-319E-43F6-B08C-5858386CB94F}.Release|iPhoneSimulator.Deploy.0 = Release|Any CPU
		{EB56B2CF-319E-43F6-B08C-5858386CB94F}.Release|x64.ActiveCfg = Release|Any CPU
		{EB56B2CF-319E-43F6-B08C-5858386CB94F}.Release|x64.Build.0 = Release|Any CPU
		{EB56B2CF-319E-43F6-B08C-5858386CB94F}.Release|x64.Deploy.0 = Release|Any CPU
		{EB56B2CF-319E-43F6-B08C-5858386CB94F}.Release|x86.ActiveCfg = Release|Any CPU
		{EB56B2CF-319E-43F6-B08C-5858386CB94F}.Release|x86.Build.0 = Release|Any CPU
		{EB56B2CF-319E-43F6-B08C-5858386CB94F}.Release|x86.Deploy.0 = Release|Any CPU
	EndGlobalSection
	GlobalSection(SolutionProperties) = preSolution
		HideSolutionNode = FALSE
	EndGlobalSection
	GlobalSection(ExtensibilityGlobals) = postSolution
		SolutionGuid = {763657B1-423D-4571-A12D-F3B67F1BB672}
	EndGlobalSection
EndGlobal
